
Microsoft Visual Studio Solution File, Format Version 12.00
# Visual Studio 15
VisualStudioVersion = 15.0.27703.2000
MinimumVisualStudioVersion = 10.0.40219.1
Project("{FAE04EC0-301F-11D3-BF4B-00C04F79EFBC}") = "NScrapyWebConsole", "NScrapyWebConsole\NScrapyWebConsole.csproj", "{C68F9894-6EBA-48A3-A552-81E271D95692}"
EndProject
Project("{E53339B2-1760-4266-BCC7-CA923CBCF16C}") = "docker-compose", "docker-compose.dcproj", "{A15B1784-490B-4830-B64B-4C4ADC2D9F25}"
EndProject
Global
	GlobalSection(SolutionConfigurationPlatforms) = preSolution
		Debug|Any CPU = Debug|Any CPU
		Release|Any CPU = Release|Any CPU
	EndGlobalSection
	GlobalSection(ProjectConfigurationPlatforms) = postSolution
		{C68F9894-6EBA-48A3-A552-81E271D95692}.Debug|Any CPU.ActiveCfg = Debug|Any CPU
		{C68F9894-6EBA-48A3-A552-81E271D95692}.Debug|Any CPU.Build.0 = Debug|Any CPU
		{C68F9894-6EBA-48A3-A552-81E271D95692}.Release|Any CPU.ActiveCfg = Release|Any CPU
		{C68F9894-6EBA-48A3-A552-81E271D95692}.Release|Any CPU.Build.0 = Release|Any CPU
		{A15B1784-490B-4830-B64B-4C4ADC2D9F25}.Debug|Any CPU.ActiveCfg = Debug|Any CPU
		{A15B1784-490B-4830-B64B-4C4ADC2D9F25}.Debug|Any CPU.Build.0 = Debug|Any CPU
		{A15B1784-490B-4830-B64B-4C4ADC2D9F25}.Release|Any CPU.ActiveCfg = Release|Any CPU
		{A15B1784-490B-4830-B64B-4C4ADC2D9F25}.Release|Any CPU.Build.0 = Release|Any CPU
	EndGlobalSection
	GlobalSection(SolutionProperties) = preSolution
		HideSolutionNode = FALSE
	EndGlobalSection
	GlobalSection(ExtensibilityGlobals) = postSolution
		SolutionGuid = {2923E145-4A12-40D2-B262-ACA3338C91DE}
	EndGlobalSection
EndGlobal
